
Microsoft Visual Studio Solution File, Format Version 12.00
# Visual Studio Version 17
VisualStudioVersion = 17.10.35013.160
MinimumVisualStudioVersion = 10.0.40219.1
Project("{FAE04EC0-301F-11D3-BF4B-00C04F79EFBC}") = "AutoClickun", "AutoClickun.csproj", "{984C8F22-A9D8-4E6F-AF07-E3CE3719EF7A}"
EndProject
Project("{54435603-DBB4-11D2-8724-00A0C9A8B90C}") = "Setup", "..\Setup.vdproj", "{66D256D6-B136-4F7A-98D8-25F4E6DC5C50}"
EndProject
Global
	GlobalSection(SolutionConfigurationPlatforms) = preSolution
		Debug|Any CPU = Debug|Any CPU
		Release|Any CPU = Release|Any CPU
	EndGlobalSection
	GlobalSection(ProjectConfigurationPlatforms) = postSolution
		{984C8F22-A9D8-4E6F-AF07-E3CE3719EF7A}.Debug|Any CPU.ActiveCfg = Debug|Any CPU
		{984C8F22-A9D8-4E6F-AF07-E3CE3719EF7A}.Debug|Any CPU.Build.0 = Debug|Any CPU
		{984C8F22-A9D8-4E6F-AF07-E3CE3719EF7A}.Release|Any CPU.ActiveCfg = Release|Any CPU
		{984C8F22-A9D8-4E6F-AF07-E3CE3719EF7A}.Release|Any CPU.Build.0 = Release|Any CPU
		{66D256D6-B136-4F7A-98D8-25F4E6DC5C50}.Debug|Any CPU.ActiveCfg = Debug
		{66D256D6-B136-4F7A-98D8-25F4E6DC5C50}.Release|Any CPU.ActiveCfg = Release
	EndGlobalSection
	GlobalSection(SolutionProperties) = preSolution
		HideSolutionNode = FALSE
	EndGlobalSection
	GlobalSection(ExtensibilityGlobals) = postSolution
		SolutionGuid = {1E84BC04-9799-41FF-872A-C5A48F23AA64}
	EndGlobalSection
EndGlobal
